{
  "name": "@babysteps/consumer-app-container",
  "version": "0.1.0",
  "lockfileVersion": 3,
  "requires": true,
  "packages": {
    "": {
      "name": "@babysteps/consumer-app-container",
      "version": "0.1.0",
      "workspaces": [
        "apps/*"
      ],
      "engines": {
        "node": ">=20"
      }
    },
    "apps/example": {
      "name": "@babysteps/app-example",
      "version": "0.1.0",
      "dependencies": {
        "@babysteps/consumer-app-container": "file:../.."
      }
    },
    "node_modules/@babysteps/app-example": {
      "resolved": "apps/example",
      "link": true
    },
    "node_modules/@babysteps/consumer-app-container": {
      "resolved": "",
      "link": true
    }
  }
}
